
Microsoft Visual Studio Solution File, Format Version 12.00
# Visual Studio Version 17
VisualStudioVersion = 17.4.33122.133
MinimumVisualStudioVersion = 10.0.40219.1
Project("{9A19103F-16F7-4668-BE54-9A1E7A4F7556}") = "TWISIO.Identity.API", "TWISIO.Identity\TWISIO.Identity.API.csproj", "{1EE83B4D-1DE1-4E30-8D90-22FC148C17B0}"
EndProject
Project("{E53339B2-1760-4266-BCC7-CA923CBCF16C}") = "docker-compose", "docker-compose.dcproj", "{1FB051CC-E93B-442F-9991-F90360640AD5}"
EndProject
Global
	GlobalSection(SolutionConfigurationPlatforms) = preSolution
		Debug|Any CPU = Debug|Any CPU
		Release|Any CPU = Release|Any CPU
	EndGlobalSection
	GlobalSection(ProjectConfigurationPlatforms) = postSolution
		{1EE83B4D-1DE1-4E30-8D90-22FC148C17B0}.Debug|Any CPU.ActiveCfg = Debug|Any CPU
		{1EE83B4D-1DE1-4E30-8D90-22FC148C17B0}.Debug|Any CPU.Build.0 = Debug|Any CPU
		{1EE83B4D-1DE1-4E30-8D90-22FC148C17B0}.Release|Any CPU.ActiveCfg = Release|Any CPU
		{1EE83B4D-1DE1-4E30-8D90-22FC148C17B0}.Release|Any CPU.Build.0 = Release|Any CPU
		{1FB051CC-E93B-442F-9991-F90360640AD5}.Debug|Any CPU.ActiveCfg = Debug|Any CPU
		{1FB051CC-E93B-442F-9991-F90360640AD5}.Debug|Any CPU.Build.0 = Debug|Any CPU
		{1FB051CC-E93B-442F-9991-F90360640AD5}.Release|Any CPU.ActiveCfg = Release|Any CPU
		{1FB051CC-E93B-442F-9991-F90360640AD5}.Release|Any CPU.Build.0 = Release|Any CPU
	EndGlobalSection
	GlobalSection(SolutionProperties) = preSolution
		HideSolutionNode = FALSE
	EndGlobalSection
	GlobalSection(ExtensibilityGlobals) = postSolution
		SolutionGuid = {FD5E1007-8029-43F8-85AF-34B934385034}
	EndGlobalSection
EndGlobal
